# This file was autogenerated by Stack.
# You should not edit this file by hand.
# For more information, please see the documentation at:
#   https://docs.haskellstack.org/en/stable/lock_files

packages:
- completed:
    subdir: latex-formulae-pandoc
    cabal-file:
      size: 2051
      sha256: 877ff7e2540fdd85aeaaaa2ac1002c775f1dd0a3880e01207683447793f88fa4
    name: latex-formulae-pandoc
    version: 0.2.0.6
    git: https://github.com/rszczers/latex-formulae
    pantry-tree:
      size: 293
      sha256: abe4cb7796c3ab7986cb1a24284a61b568fcba7eb7252b6f65946876792c78ea
    commit: ae55b55d3c1c8cb0b1c42f19df4cdd5d6a00198d
  original:
    subdir: latex-formulae-pandoc
    git: https://github.com/rszczers/latex-formulae
    commit: ae55b55d3c1c8cb0b1c42f19df4cdd5d6a00198d
- completed:
    subdir: latex-formulae-image
    cabal-file:
      size: 2361
      sha256: 48228b82fbc09ebb7551eaddfbd169a81027b504bd06349522daa4b141e215ee
    name: latex-formulae-image
    version: 0.1.1.4
    git: https://github.com/rszczers/latex-formulae
    pantry-tree:
      size: 230
      sha256: 5899db1fb8c381a478532bdcc799578b38978aeea7a835a6de21c683f66bce8e
    commit: ae55b55d3c1c8cb0b1c42f19df4cdd5d6a00198d
  original:
    subdir: latex-formulae-image
    git: https://github.com/rszczers/latex-formulae
    commit: ae55b55d3c1c8cb0b1c42f19df4cdd5d6a00198d
- completed:
    subdir: latex-formulae-hakyll
    cabal-file:
      size: 1533
      sha256: 8ed5ef87625c9fc6154aa29d7d17d1d2391a3e4f4360bf15c522a37889d4aa37
    name: latex-formulae-hakyll
    version: 0.2.0.4
    git: https://github.com/rszczers/latex-formulae
    pantry-tree:
      size: 233
      sha256: 4546e48ecc02c5c389e274e70c407915b0efceb025bd981728245751676d8a62
    commit: ae55b55d3c1c8cb0b1c42f19df4cdd5d6a00198d
  original:
    subdir: latex-formulae-hakyll
    git: https://github.com/rszczers/latex-formulae
    commit: ae55b55d3c1c8cb0b1c42f19df4cdd5d6a00198d
snapshots:
- completed:
    size: 507344
    url: https://raw.githubusercontent.com/commercialhaskell/stackage-snapshots/master/lts/11/5.yaml
    sha256: a95cf9e057426149f3f69054edb3b62630d8ac39e38b34cd6035b769ca3085f9
  original: lts-11.5
